PODS:
  - MuscleAssert (1.0.0):
    - MuscleAssert/ObjC (= 1.0.0)
  - MuscleAssert/ObjC (1.0.0)

DEPENDENCIES:
  - MuscleAssert (from `./`)

EXTERNAL SOURCES:
  MuscleAssert:
    :path: "./"

SPEC CHECKSUMS:
  MuscleAssert: 82974e7a93766f0da74bd5dd17cb5bfc2cee6da8

PODFILE CHECKSUM: 62922b6743db8d771ec7642163712209136b2053

COCOAPODS: 1.0.1
